
Microsoft Visual Studio Solution File, Format Version 12.00
# Visual Studio Version 17
VisualStudioVersion = 17.8.34330.188
MinimumVisualStudioVersion = 10.0.40219.1
Project("{9A19103F-16F7-4668-BE54-9A1E7A4F7556}") = "GasApi", "GasApi\GasApi.csproj", "{CB828E25-C211-4704-92C4-96605C4C2D8E}"
EndProject
Project("{9A19103F-16F7-4668-BE54-9A1E7A4F7556}") = "DataAccessLayer", "DataAccessLayer\DataAccessLayer.csproj", "{C7895129-35B2-462E-AD46-FB97731DB28A}"
EndProject
Project("{FAE04EC0-301F-11D3-BF4B-00C04F79EFBC}") = "BusinessLogicLayer", "BusinessLogicLayer\BusinessLogicLayer.csproj", "{0C016D57-8323-4979-8047-CBAC981C0336}"
EndProject
Global
	GlobalSection(SolutionConfigurationPlatforms) = preSolution
		Debug|Any CPU = Debug|Any CPU
		Release|Any CPU = Release|Any CPU
	EndGlobalSection
	GlobalSection(ProjectConfigurationPlatforms) = postSolution
		{CB828E25-C211-4704-92C4-96605C4C2D8E}.Debug|Any CPU.ActiveCfg = Debug|Any CPU
		{CB828E25-C211-4704-92C4-96605C4C2D8E}.Debug|Any CPU.Build.0 = Debug|Any CPU
		{CB828E25-C211-4704-92C4-96605C4C2D8E}.Release|Any CPU.ActiveCfg = Release|Any CPU
		{CB828E25-C211-4704-92C4-96605C4C2D8E}.Release|Any CPU.Build.0 = Release|Any CPU
		{C7895129-35B2-462E-AD46-FB97731DB28A}.Debug|Any CPU.ActiveCfg = Debug|Any CPU
		{C7895129-35B2-462E-AD46-FB97731DB28A}.Debug|Any CPU.Build.0 = Debug|Any CPU
		{C7895129-35B2-462E-AD46-FB97731DB28A}.Release|Any CPU.ActiveCfg = Release|Any CPU
		{C7895129-35B2-462E-AD46-FB97731DB28A}.Release|Any CPU.Build.0 = Release|Any CPU
		{0C016D57-8323-4979-8047-CBAC981C0336}.Debug|Any CPU.ActiveCfg = Debug|Any CPU
		{0C016D57-8323-4979-8047-CBAC981C0336}.Debug|Any CPU.Build.0 = Debug|Any CPU
		{0C016D57-8323-4979-8047-CBAC981C0336}.Release|Any CPU.ActiveCfg = Release|Any CPU
		{0C016D57-8323-4979-8047-CBAC981C0336}.Release|Any CPU.Build.0 = Release|Any CPU
	EndGlobalSection
	GlobalSection(SolutionProperties) = preSolution
		HideSolutionNode = FALSE
	EndGlobalSection
	GlobalSection(ExtensibilityGlobals) = postSolution
		SolutionGuid = {2CB6D030-0B9C-4135-BC6E-18A8E87DEA34}
	EndGlobalSection
EndGlobal
